
Microsoft Visual Studio Solution File, Format Version 12.00
# Visual Studio Version 17
VisualStudioVersion = 17.6.33717.318
MinimumVisualStudioVersion = 10.0.40219.1
Project("{9A19103F-16F7-4668-BE54-9A1E7A4F7556}") = "DemoHangFire.Supervisao", "DemoHangFire.Supervisao\DemoHangFire.Supervisao.csproj", "{40A0FBC0-938A-4E7C-86C5-D73E69E88428}"
EndProject
Project("{FAE04EC0-301F-11D3-BF4B-00C04F79EFBC}") = "DemoHangFire.Supervisao_v2", "DemoHangFire.Supervisao_v2\DemoHangFire.Supervisao_v2.csproj", "{098DAD1B-EB91-4CB5-9C31-9EC276AA2D93}"
EndProject
Project("{FAE04EC0-301F-11D3-BF4B-00C04F79EFBC}") = "DemoHangFire.Supervisao_v3", "DemoHangFire.Supervisao_v3\DemoHangFire.Supervisao_v3.csproj", "{DD9FC652-FA48-4B6E-8D52-D390A98C6C45}"
EndProject
Global
	GlobalSection(SolutionConfigurationPlatforms) = preSolution
		Debug|Any CPU = Debug|Any CPU
		Release|Any CPU = Release|Any CPU
	EndGlobalSection
	GlobalSection(ProjectConfigurationPlatforms) = postSolution
		{40A0FBC0-938A-4E7C-86C5-D73E69E88428}.Debug|Any CPU.ActiveCfg = Debug|Any CPU
		{40A0FBC0-938A-4E7C-86C5-D73E69E88428}.Debug|Any CPU.Build.0 = Debug|Any CPU
		{40A0FBC0-938A-4E7C-86C5-D73E69E88428}.Release|Any CPU.ActiveCfg = Release|Any CPU
		{40A0FBC0-938A-4E7C-86C5-D73E69E88428}.Release|Any CPU.Build.0 = Release|Any CPU
		{098DAD1B-EB91-4CB5-9C31-9EC276AA2D93}.Debug|Any CPU.ActiveCfg = Debug|Any CPU
		{098DAD1B-EB91-4CB5-9C31-9EC276AA2D93}.Debug|Any CPU.Build.0 = Debug|Any CPU
		{098DAD1B-EB91-4CB5-9C31-9EC276AA2D93}.Release|Any CPU.ActiveCfg = Release|Any CPU
		{098DAD1B-EB91-4CB5-9C31-9EC276AA2D93}.Release|Any CPU.Build.0 = Release|Any CPU
		{DD9FC652-FA48-4B6E-8D52-D390A98C6C45}.Debug|Any CPU.ActiveCfg = Debug|Any CPU
		{DD9FC652-FA48-4B6E-8D52-D390A98C6C45}.Debug|Any CPU.Build.0 = Debug|Any CPU
		{DD9FC652-FA48-4B6E-8D52-D390A98C6C45}.Release|Any CPU.ActiveCfg = Release|Any CPU
		{DD9FC652-FA48-4B6E-8D52-D390A98C6C45}.Release|Any CPU.Build.0 = Release|Any CPU
	EndGlobalSection
	GlobalSection(SolutionProperties) = preSolution
		HideSolutionNode = FALSE
	EndGlobalSection
	GlobalSection(ExtensibilityGlobals) = postSolution
		SolutionGuid = {74161D92-0468-4E20-835B-5B8176F9464B}
	EndGlobalSection
EndGlobal
